
Microsoft Visual Studio Solution File, Format Version 12.00
# Visual Studio Version 17
VisualStudioVersion = 17.9.34622.214
MinimumVisualStudioVersion = 10.0.40219.1
Project("{FAE04EC0-301F-11D3-BF4B-00C04F79EFBC}") = "Light", "Light\Light.csproj", "{91569247-7BF8-4B50-A7F0-44E2A06772FF}"
EndProject
Global
	GlobalSection(SolutionConfigurationPlatforms) = preSolution
		Debug|Any CPU = Debug|Any CPU
		Release|Any CPU = Release|Any CPU
	EndGlobalSection
	GlobalSection(ProjectConfigurationPlatforms) = postSolution
		{91569247-7BF8-4B50-A7F0-44E2A06772FF}.Debug|Any CPU.ActiveCfg = Debug|Any CPU
		{91569247-7BF8-4B50-A7F0-44E2A06772FF}.Debug|Any CPU.Build.0 = Debug|Any CPU
		{91569247-7BF8-4B50-A7F0-44E2A06772FF}.Release|Any CPU.ActiveCfg = Release|Any CPU
		{91569247-7BF8-4B50-A7F0-44E2A06772FF}.Release|Any CPU.Build.0 = Release|Any CPU
	EndGlobalSection
	GlobalSection(SolutionProperties) = preSolution
		HideSolutionNode = FALSE
	EndGlobalSection
	GlobalSection(ExtensibilityGlobals) = postSolution
		SolutionGuid = {C3963319-416F-4F97-BAA6-BCDE923D375E}
	EndGlobalSection
EndGlobal
